dependencies:
- name: common
  repository: file://../../common
  version: 1.0.0
- name: zookeeper
  repository: file://../../components/zookeeper
  version: 1.0.0
- name: kafka
  repository: file://../../components/kafka
  version: 1.0.0
- name: mongodb
  repository: file://../../components/mongodb
  version: 1.0.0
- name: mysql
  repository: file://../../components/mysql
  version: 1.0.0
- name: auth-server
  repository: file://../../components/auth-server
  version: 1.0.0
- name: product
  repository: file://../../components/product
  version: 1.0.0
- name: product-green
  repository: file://../../components/product-green
  version: 1.0.0
- name: recommendation
  repository: file://../../components/recommendation
  version: 1.0.0
- name: recommendation-green
  repository: file://../../components/recommendation-green
  version: 1.0.0
- name: review
  repository: file://../../components/review
  version: 1.0.0
- name: review-green
  repository: file://../../components/review-green
  version: 1.0.0
- name: product-composite
  repository: file://../../components/product-composite
  version: 1.0.0
digest: sha256:df0ae3477e1764339c66786d53ad234c448c8017f5fd0098ee76f72bc7660abe
generated: "2021-06-28T12:46:27.435644+02:00"
