dependencies:
- name: common
  repository: file://../../common
  version: 1.0.0
- name: auth-server
  repository: file://../../components/auth-server
  version: 1.0.0
- name: product
  repository: file://../../components/product
  version: 1.0.0
- name: recommendation
  repository: file://../../components/recommendation
  version: 1.0.0
- name: review
  repository: file://../../components/review
  version: 1.0.0
- name: product-composite
  repository: file://../../components/product-composite
  version: 1.0.0
- name: product-green
  repository: file://../../components/product-green
  version: 1.0.0
- name: recommendation-green
  repository: file://../../components/recommendation-green
  version: 1.0.0
- name: review-green
  repository: file://../../components/review-green
  version: 1.0.0
digest: sha256:0c163029f735163977594526cca6fc76b22cd81f74aff5e3e526c2443b46ad06
generated: "2021-05-13T07:25:14.83198+02:00"
