dependencies:
- name: common
  repository: file://../../common
  version: 1.0.0
- name: rabbitmq
  repository: file://../../components/rabbitmq
  version: 1.0.0
- name: mongodb
  repository: file://../../components/mongodb
  version: 1.0.0
- name: mysql
  repository: file://../../components/mysql
  version: 1.0.0
- name: config-server
  repository: file://../../components/config-server
  version: 1.0.0
- name: gateway
  repository: file://../../components/gateway
  version: 1.0.0
- name: auth-server
  repository: file://../../components/auth-server
  version: 1.0.0
- name: product
  repository: file://../../components/product
  version: 1.0.0
- name: recommendation
  repository: file://../../components/recommendation
  version: 1.0.0
- name: review
  repository: file://../../components/review
  version: 1.0.0
- name: product-composite
  repository: file://../../components/product-composite
  version: 1.0.0
- name: zipkin-server
  repository: file://../../components/zipkin-server
  version: 1.0.0
digest: sha256:8735dd5d242e8438f0bfadd87eb1c91e8d731a87152c9a3b7c3daa3dec864667
generated: "2021-04-29T11:19:03.365615+02:00"
